schema: '2.0'
stages:
  preprocessing:
    cmd: python src/preprocessing.py
    deps:
    - path: data/tel_churn.csv
      hash: md5
      md5: 0a6be42efc17e2112b76350bd1db7734
      size: 2029448
    - path: src/preprocessing.py
      hash: md5
      md5: 589b34804845aab5faab31943c919cf1
      size: 695
    outs:
    - path: data/processed/x_test.csv
      hash: md5
      md5: b987b0c10bc92a7c6b989c4511447830
      size: 397279
    - path: data/processed/x_train.csv
      hash: md5
      md5: 9a23b19f6418b5d9da7e5bb8c3e84330
      size: 1585111
    - path: data/processed/y_test.csv
      hash: md5
      md5: aba9aac6c0de6cb8bd789f4e89e0ec57
      size: 4228
    - path: data/processed/y_train.csv
      hash: md5
      md5: 7d055a693774176c55d40ef6982d1cd3
      size: 16882
  model:
    cmd: python src/model.py
    deps:
    - path: data/processed/x_train.csv
      hash: md5
      md5: 9a23b19f6418b5d9da7e5bb8c3e84330
      size: 1585111
    - path: data/processed/y_train.csv
      hash: md5
      md5: 7d055a693774176c55d40ef6982d1cd3
      size: 16882
    - path: src/model.py
      hash: md5
      md5: 51cbc29e6af9ee43837ff409597f0250
      size: 1401
    params:
      params.yaml:
        model.max_depth: 9
        model.min_samples_leaf: 1
    outs:
    - path: model/model_dt.pkl
      hash: md5
      md5: bd39fb2014590d4b122df9a89d2c9e9a
      size: 44457
  evalution:
    cmd: python src/evalution.py
    deps:
    - path: model/model_dt.pkl
      hash: md5
      md5: bd39fb2014590d4b122df9a89d2c9e9a
      size: 44457
    - path: src/evalution.py
      hash: md5
      md5: 34c565c3c46ec13ea77d926ed583f1eb
      size: 823
    outs:
    - path: metrics.json
      hash: md5
      md5: f70c9fb2d49a5d584d347eda7b5a5382
      size: 19
  main:
    cmd: python src/main.py
    deps:
    - path: data/processed/x_test.csv
      hash: md5
      md5: 4db09e458d05d76aa9eec2c5ba706297
      size: 397262
    - path: data/processed/x_train.csv
      hash: md5
      md5: 90bd0489a58e96f54fa8786437225ca6
      size: 1585128
    - path: data/processed/y_test.csv
      hash: md5
      md5: 7d15f34f61deddf8322174b5773867e7
      size: 4228
    - path: data/processed/y_train.csv
      hash: md5
      md5: 6ecda16a1b8318424bdd591a3f6a06c4
      size: 16882
    - path: data/tel_churn.csv
      hash: md5
      md5: 0a6be42efc17e2112b76350bd1db7734
      size: 2029448
    - path: model/model_dt.pkl
      hash: md5
      md5: 33b822654309b484054f964331f61442
      size: 45897
    - path: src/main.py
      hash: md5
      md5: d697ce5e97161a9f1f9792ddec8078fe
      size: 1719
