schema: '2.0'
stages:
  preprocessing:
    cmd: python src/preprocessing.py
    deps:
    - path: data/tel_churn.csv
      hash: md5
      md5: 0a6be42efc17e2112b76350bd1db7734
      size: 2029448
    - path: src/preprocessing.py
      hash: md5
      md5: 589b34804845aab5faab31943c919cf1
      size: 695
    outs:
    - path: data/processed/x_test.csv
      hash: md5
      md5: b987b0c10bc92a7c6b989c4511447830
      size: 397279
    - path: data/processed/x_train.csv
      hash: md5
      md5: 9a23b19f6418b5d9da7e5bb8c3e84330
      size: 1585111
    - path: data/processed/y_test.csv
      hash: md5
      md5: aba9aac6c0de6cb8bd789f4e89e0ec57
      size: 4228
    - path: data/processed/y_train.csv
      hash: md5
      md5: 7d055a693774176c55d40ef6982d1cd3
      size: 16882
  model:
    cmd: python src/model.py
    deps:
    - path: data/processed/x_train.csv
      hash: md5
      md5: 9a23b19f6418b5d9da7e5bb8c3e84330
      size: 1585111
    - path: data/processed/y_train.csv
      hash: md5
      md5: 7d055a693774176c55d40ef6982d1cd3
      size: 16882
    - path: src/model.py
      hash: md5
      md5: e07005dbbd80dd4c0a6492e5ea32b71a
      size: 688
    outs:
    - path: model/model_dt.pkl
      hash: md5
      md5: 7475aa82249da91b6bb15e7d95688079
      size: 11977
  evalution:
    cmd: python src/evalution.py
    deps:
    - path: model/model_dt.pkl
      hash: md5
      md5: 7475aa82249da91b6bb15e7d95688079
      size: 11977
    - path: src/evalution.py
      hash: md5
      md5: c828bcb69310eaea98fbd60be17df5d0
      size: 804
    outs:
    - path: metrics.json
      hash: md5
      md5: e3ae47370dc4cf540b5dd6171ce017d5
      size: 19
  main:
    cmd: python src/main.py
    deps:
    - path: data/processed/x_test.csv
      hash: md5
      md5: 656a8a20089ca28ce74d06f9858ce77a
      size: 397225
    - path: data/processed/x_train.csv
      hash: md5
      md5: 1f6f8483f7f2fb5649eada6997fe1c53
      size: 1585165
    - path: data/processed/y_test.csv
      hash: md5
      md5: 70e36b3b0c610fa45307c555dfc0a0bb
      size: 4228
    - path: data/processed/y_train.csv
      hash: md5
      md5: 7fcf034e21fde0f6cd8455bfb32fd957
      size: 16882
    - path: data/tel_churn.csv
      hash: md5
      md5: 0a6be42efc17e2112b76350bd1db7734
      size: 2029448
    - path: model/model_dt.pkl
      hash: md5
      md5: 189c857f0529ed9d790b1e34dad9906a
      size: 11817
    - path: src/main.py
      hash: md5
      md5: 535241196ffb0cfcfaa9171a3c7d390a
      size: 736
